
Microsoft Visual Studio Solution File, Format Version 12.00
# Visual Studio Version 17
VisualStudioVersion = 17.2.32630.192
MinimumVisualStudioVersion = 10.0.40219.1
Project("{9A19103F-16F7-4668-BE54-9A1E7A4F7556}") = "F10Y.L0001.Construction", "F10Y.L0001.Construction\F10Y.L0001.Construction.csproj", "{F63FAECE-2427-4226-8C2C-34D42EBACA15}"
EndProject
Project("{9A19103F-16F7-4668-BE54-9A1E7A4F7556}") = "F10Y.L0001", "F10Y.L0001\F10Y.L0001.csproj", "{6001614A-CE5E-42E4-BB86-9EC25FD41C50}"
EndProject
Project("{2150E333-8FDC-42A3-9474-1A3956D46DE8}") = "_Dependencies", "_Dependencies", "{A70B34E7-4F2E-4E28-B263-752D2002BB52}"
EndProject
Project("{9A19103F-16F7-4668-BE54-9A1E7A4F7556}") = "F10Y.L0000", "..\..\F10Y.L0000\source\F10Y.L0000\F10Y.L0000.csproj", "{A2A182A5-C016-47D1-AE57-8132A0F8686E}"
EndProject
Project("{9A19103F-16F7-4668-BE54-9A1E7A4F7556}") = "F10Y.T0000", "..\..\F10Y.T0000\source\F10Y.T0000\F10Y.T0000.csproj", "{50919BC1-046E-4899-86E6-57EDE0F34683}"
EndProject
Project("{9A19103F-16F7-4668-BE54-9A1E7A4F7556}") = "F10Y.T0001", "..\..\F10Y.T0001\source\F10Y.T0001\F10Y.T0001.csproj", "{38F22FE3-0DF8-483C-AAEA-B63AD6D77A97}"
EndProject
Project("{9A19103F-16F7-4668-BE54-9A1E7A4F7556}") = "F10Y.T0002", "..\..\F10Y.T0002\source\F10Y.T0002\F10Y.T0002.csproj", "{D15F3A2C-91D2-4C4E-8898-90A9AFA6E8EC}"
EndProject
Project("{9A19103F-16F7-4668-BE54-9A1E7A4F7556}") = "F10Y.T0003", "..\..\F10Y.T0003\source\F10Y.T0003\F10Y.T0003.csproj", "{02D7ED51-D72B-46A5-9599-F40D411BDB39}"
EndProject
Project("{9A19103F-16F7-4668-BE54-9A1E7A4F7556}") = "F10Y.T0004", "..\..\F10Y.T0004\source\F10Y.T0004\F10Y.T0004.csproj", "{AAC83834-22C6-41A7-B513-B52D4E57BDD1}"
EndProject
Project("{9A19103F-16F7-4668-BE54-9A1E7A4F7556}") = "F10Y.T0005", "..\..\F10Y.T0005\source\F10Y.T0005\F10Y.T0005.csproj", "{E87D52B9-FC38-42BA-9E82-B4CC026353B2}"
EndProject
Project("{9A19103F-16F7-4668-BE54-9A1E7A4F7556}") = "F10Y.T0006", "..\..\F10Y.T0006\source\F10Y.T0006\F10Y.T0006.csproj", "{E0AF2C88-8D5B-4337-853C-0705B783A7E8}"
EndProject
Project("{9A19103F-16F7-4668-BE54-9A1E7A4F7556}") = "F10Y.Y0000", "..\..\F10Y.Y0000\source\F10Y.Y0000\F10Y.Y0000.csproj", "{26C163DD-F120-42AA-B8EC-3A4BA5CF8BF2}"
EndProject
Project("{9A19103F-16F7-4668-BE54-9A1E7A4F7556}") = "F10Y.L0001.Q000", "F10Y.L0001.Q000\F10Y.L0001.Q000.csproj", "{B98C7E57-85D2-4D0D-B501-A1EE43AF6117}"
EndProject
Project("{9A19103F-16F7-4668-BE54-9A1E7A4F7556}") = "F10Y.L0001.Z000", "F10Y.L0001.Z000\F10Y.L0001.Z000.csproj", "{4FD02A2B-7F56-48ED-9699-04C3F629A235}"
EndProject
Project("{9A19103F-16F7-4668-BE54-9A1E7A4F7556}") = "F10Y.T0011", "..\..\F10Y.T0011\source\F10Y.T0011\F10Y.T0011.csproj", "{A8BB4D6B-8CB3-40B7-B8B2-165ECF03C00B}"
EndProject
Project("{9A19103F-16F7-4668-BE54-9A1E7A4F7556}") = "F10Y.L0004.L000", "..\..\F10Y.L0004\source\F10Y.L0004.L000\F10Y.L0004.L000.csproj", "{4FCF8A14-7586-40E3-B518-D8A25A546B7A}"
EndProject
Project("{9A19103F-16F7-4668-BE54-9A1E7A4F7556}") = "F10Y.L0019", "..\..\F10Y.L0019\source\F10Y.L0019\F10Y.L0019.csproj", "{DBD0C823-C10D-4ED7-8606-395B489D600E}"
EndProject
Project("{9A19103F-16F7-4668-BE54-9A1E7A4F7556}") = "F10Y.Z0000", "..\..\F10Y.Z0000\source\F10Y.Z0000\F10Y.Z0000.csproj", "{BCD4E58C-11F5-45AE-B39B-E9C6DFE4F82D}"
EndProject
Project("{9A19103F-16F7-4668-BE54-9A1E7A4F7556}") = "F10Y.L0001.L001", "F10Y.L0001.L001\F10Y.L0001.L001.csproj", "{60E7F5DF-463E-4AC4-B3F3-DD7C502FB6EF}"
EndProject
Project("{9A19103F-16F7-4668-BE54-9A1E7A4F7556}") = "F10Y.L0001.T000", "F10Y.L0001.T000\F10Y.L0001.T000.csproj", "{439F2B35-D29E-4770-9543-8F3FF1DF3281}"
EndProject
Project("{9A19103F-16F7-4668-BE54-9A1E7A4F7556}") = "F10Y.Z0000.Z000", "..\..\F10Y.Z0000\source\F10Y.Z0000.Z000\F10Y.Z0000.Z000.csproj", "{D8D30F22-CE87-429C-8E39-A5125D604878}"
EndProject
Project("{9A19103F-16F7-4668-BE54-9A1E7A4F7556}") = "F10Y.Z0000.Z001", "..\..\F10Y.Z0000\source\F10Y.Z0000.Z001\F10Y.Z0000.Z001.csproj", "{608F3FA8-1B54-4405-AF59-6B1025E4098B}"
EndProject
Project("{9A19103F-16F7-4668-BE54-9A1E7A4F7556}") = "F10Y.L0001.L002", "F10Y.L0001.L002\F10Y.L0001.L002.csproj", "{E04FEA2D-7FC3-41AF-A5CE-C522B4FC5284}"
EndProject
Project("{9A19103F-16F7-4668-BE54-9A1E7A4F7556}") = "F10Y.L0001.L000", "F10Y.L0001.L000\F10Y.L0001.L000.csproj", "{84D05FB7-7E9C-4174-B152-166847AE68D9}"
EndProject
Project("{9A19103F-16F7-4668-BE54-9A1E7A4F7556}") = "F10Y.L0001.X000", "F10Y.L0001.X000\F10Y.L0001.X000.csproj", "{D9DF004D-09F7-419A-9708-F2B270135B9C}"
EndProject
Project("{9A19103F-16F7-4668-BE54-9A1E7A4F7556}") = "F10Y.L0001.L003", "F10Y.L0001.L003\F10Y.L0001.L003.csproj", "{BB9F1B92-A200-4198-9323-2DD0B6E6BECD}"
EndProject
Global
	GlobalSection(NestedProjects) = preSolution
		{A2A182A5-C016-47D1-AE57-8132A0F8686E} = {A70B34E7-4F2E-4E28-B263-752D2002BB52}
		{50919BC1-046E-4899-86E6-57EDE0F34683} = {A70B34E7-4F2E-4E28-B263-752D2002BB52}
		{38F22FE3-0DF8-483C-AAEA-B63AD6D77A97} = {A70B34E7-4F2E-4E28-B263-752D2002BB52}
		{D15F3A2C-91D2-4C4E-8898-90A9AFA6E8EC} = {A70B34E7-4F2E-4E28-B263-752D2002BB52}
		{02D7ED51-D72B-46A5-9599-F40D411BDB39} = {A70B34E7-4F2E-4E28-B263-752D2002BB52}
		{AAC83834-22C6-41A7-B513-B52D4E57BDD1} = {A70B34E7-4F2E-4E28-B263-752D2002BB52}
		{E87D52B9-FC38-42BA-9E82-B4CC026353B2} = {A70B34E7-4F2E-4E28-B263-752D2002BB52}
		{E0AF2C88-8D5B-4337-853C-0705B783A7E8} = {A70B34E7-4F2E-4E28-B263-752D2002BB52}
		{26C163DD-F120-42AA-B8EC-3A4BA5CF8BF2} = {A70B34E7-4F2E-4E28-B263-752D2002BB52}
		{A8BB4D6B-8CB3-40B7-B8B2-165ECF03C00B} = {A70B34E7-4F2E-4E28-B263-752D2002BB52}
		{4FCF8A14-7586-40E3-B518-D8A25A546B7A} = {A70B34E7-4F2E-4E28-B263-752D2002BB52}
		{DBD0C823-C10D-4ED7-8606-395B489D600E} = {A70B34E7-4F2E-4E28-B263-752D2002BB52}
		{BCD4E58C-11F5-45AE-B39B-E9C6DFE4F82D} = {A70B34E7-4F2E-4E28-B263-752D2002BB52}
		{D8D30F22-CE87-429C-8E39-A5125D604878} = {A70B34E7-4F2E-4E28-B263-752D2002BB52}
		{608F3FA8-1B54-4405-AF59-6B1025E4098B} = {A70B34E7-4F2E-4E28-B263-752D2002BB52}
	EndGlobalSection
	GlobalSection(SolutionConfigurationPlatforms) = preSolution
		Debug|Any CPU = Debug|Any CPU
		Release|Any CPU = Release|Any CPU
	EndGlobalSection
	GlobalSection(ProjectConfigurationPlatforms) = postSolution
		{F63FAECE-2427-4226-8C2C-34D42EBACA15}.Debug|Any CPU.ActiveCfg = Debug|Any CPU
		{F63FAECE-2427-4226-8C2C-34D42EBACA15}.Debug|Any CPU.Build.0 = Debug|Any CPU
		{F63FAECE-2427-4226-8C2C-34D42EBACA15}.Release|Any CPU.ActiveCfg = Release|Any CPU
		{F63FAECE-2427-4226-8C2C-34D42EBACA15}.Release|Any CPU.Build.0 = Release|Any CPU
		{6001614A-CE5E-42E4-BB86-9EC25FD41C50}.Debug|Any CPU.ActiveCfg = Debug|Any CPU
		{6001614A-CE5E-42E4-BB86-9EC25FD41C50}.Debug|Any CPU.Build.0 = Debug|Any CPU
		{6001614A-CE5E-42E4-BB86-9EC25FD41C50}.Release|Any CPU.ActiveCfg = Release|Any CPU
		{6001614A-CE5E-42E4-BB86-9EC25FD41C50}.Release|Any CPU.Build.0 = Release|Any CPU
		{A2A182A5-C016-47D1-AE57-8132A0F8686E}.Debug|Any CPU.ActiveCfg = Debug|Any CPU
		{A2A182A5-C016-47D1-AE57-8132A0F8686E}.Debug|Any CPU.Build.0 = Debug|Any CPU
		{A2A182A5-C016-47D1-AE57-8132A0F8686E}.Release|Any CPU.ActiveCfg = Release|Any CPU
		{A2A182A5-C016-47D1-AE57-8132A0F8686E}.Release|Any CPU.Build.0 = Release|Any CPU
		{50919BC1-046E-4899-86E6-57EDE0F34683}.Debug|Any CPU.ActiveCfg = Debug|Any CPU
		{50919BC1-046E-4899-86E6-57EDE0F34683}.Debug|Any CPU.Build.0 = Debug|Any CPU
		{50919BC1-046E-4899-86E6-57EDE0F34683}.Release|Any CPU.ActiveCfg = Release|Any CPU
		{50919BC1-046E-4899-86E6-57EDE0F34683}.Release|Any CPU.Build.0 = Release|Any CPU
		{38F22FE3-0DF8-483C-AAEA-B63AD6D77A97}.Debug|Any CPU.ActiveCfg = Debug|Any CPU
		{38F22FE3-0DF8-483C-AAEA-B63AD6D77A97}.Debug|Any CPU.Build.0 = Debug|Any CPU
		{38F22FE3-0DF8-483C-AAEA-B63AD6D77A97}.Release|Any CPU.ActiveCfg = Release|Any CPU
		{38F22FE3-0DF8-483C-AAEA-B63AD6D77A97}.Release|Any CPU.Build.0 = Release|Any CPU
		{D15F3A2C-91D2-4C4E-8898-90A9AFA6E8EC}.Debug|Any CPU.ActiveCfg = Debug|Any CPU
		{D15F3A2C-91D2-4C4E-8898-90A9AFA6E8EC}.Debug|Any CPU.Build.0 = Debug|Any CPU
		{D15F3A2C-91D2-4C4E-8898-90A9AFA6E8EC}.Release|Any CPU.ActiveCfg = Release|Any CPU
		{D15F3A2C-91D2-4C4E-8898-90A9AFA6E8EC}.Release|Any CPU.Build.0 = Release|Any CPU
		{02D7ED51-D72B-46A5-9599-F40D411BDB39}.Debug|Any CPU.ActiveCfg = Debug|Any CPU
		{02D7ED51-D72B-46A5-9599-F40D411BDB39}.Debug|Any CPU.Build.0 = Debug|Any CPU
		{02D7ED51-D72B-46A5-9599-F40D411BDB39}.Release|Any CPU.ActiveCfg = Release|Any CPU
		{02D7ED51-D72B-46A5-9599-F40D411BDB39}.Release|Any CPU.Build.0 = Release|Any CPU
		{AAC83834-22C6-41A7-B513-B52D4E57BDD1}.Debug|Any CPU.ActiveCfg = Debug|Any CPU
		{AAC83834-22C6-41A7-B513-B52D4E57BDD1}.Debug|Any CPU.Build.0 = Debug|Any CPU
		{AAC83834-22C6-41A7-B513-B52D4E57BDD1}.Release|Any CPU.ActiveCfg = Release|Any CPU
		{AAC83834-22C6-41A7-B513-B52D4E57BDD1}.Release|Any CPU.Build.0 = Release|Any CPU
		{E87D52B9-FC38-42BA-9E82-B4CC026353B2}.Debug|Any CPU.ActiveCfg = Debug|Any CPU
		{E87D52B9-FC38-42BA-9E82-B4CC026353B2}.Debug|Any CPU.Build.0 = Debug|Any CPU
		{E87D52B9-FC38-42BA-9E82-B4CC026353B2}.Release|Any CPU.ActiveCfg = Release|Any CPU
		{E87D52B9-FC38-42BA-9E82-B4CC026353B2}.Release|Any CPU.Build.0 = Release|Any CPU
		{E0AF2C88-8D5B-4337-853C-0705B783A7E8}.Debug|Any CPU.ActiveCfg = Debug|Any CPU
		{E0AF2C88-8D5B-4337-853C-0705B783A7E8}.Debug|Any CPU.Build.0 = Debug|Any CPU
		{E0AF2C88-8D5B-4337-853C-0705B783A7E8}.Release|Any CPU.ActiveCfg = Release|Any CPU
		{E0AF2C88-8D5B-4337-853C-0705B783A7E8}.Release|Any CPU.Build.0 = Release|Any CPU
		{26C163DD-F120-42AA-B8EC-3A4BA5CF8BF2}.Debug|Any CPU.ActiveCfg = Debug|Any CPU
		{26C163DD-F120-42AA-B8EC-3A4BA5CF8BF2}.Debug|Any CPU.Build.0 = Debug|Any CPU
		{26C163DD-F120-42AA-B8EC-3A4BA5CF8BF2}.Release|Any CPU.ActiveCfg = Release|Any CPU
		{26C163DD-F120-42AA-B8EC-3A4BA5CF8BF2}.Release|Any CPU.Build.0 = Release|Any CPU
		{B98C7E57-85D2-4D0D-B501-A1EE43AF6117}.Debug|Any CPU.ActiveCfg = Debug|Any CPU
		{B98C7E57-85D2-4D0D-B501-A1EE43AF6117}.Debug|Any CPU.Build.0 = Debug|Any CPU
		{B98C7E57-85D2-4D0D-B501-A1EE43AF6117}.Release|Any CPU.ActiveCfg = Release|Any CPU
		{B98C7E57-85D2-4D0D-B501-A1EE43AF6117}.Release|Any CPU.Build.0 = Release|Any CPU
		{4FD02A2B-7F56-48ED-9699-04C3F629A235}.Debug|Any CPU.ActiveCfg = Debug|Any CPU
		{4FD02A2B-7F56-48ED-9699-04C3F629A235}.Debug|Any CPU.Build.0 = Debug|Any CPU
		{4FD02A2B-7F56-48ED-9699-04C3F629A235}.Release|Any CPU.ActiveCfg = Release|Any CPU
		{4FD02A2B-7F56-48ED-9699-04C3F629A235}.Release|Any CPU.Build.0 = Release|Any CPU
		{A8BB4D6B-8CB3-40B7-B8B2-165ECF03C00B}.Debug|Any CPU.ActiveCfg = Debug|Any CPU
		{A8BB4D6B-8CB3-40B7-B8B2-165ECF03C00B}.Debug|Any CPU.Build.0 = Debug|Any CPU
		{A8BB4D6B-8CB3-40B7-B8B2-165ECF03C00B}.Release|Any CPU.ActiveCfg = Release|Any CPU
		{A8BB4D6B-8CB3-40B7-B8B2-165ECF03C00B}.Release|Any CPU.Build.0 = Release|Any CPU
		{4FCF8A14-7586-40E3-B518-D8A25A546B7A}.Debug|Any CPU.ActiveCfg = Debug|Any CPU
		{4FCF8A14-7586-40E3-B518-D8A25A546B7A}.Debug|Any CPU.Build.0 = Debug|Any CPU
		{4FCF8A14-7586-40E3-B518-D8A25A546B7A}.Release|Any CPU.ActiveCfg = Release|Any CPU
		{4FCF8A14-7586-40E3-B518-D8A25A546B7A}.Release|Any CPU.Build.0 = Release|Any CPU
		{DBD0C823-C10D-4ED7-8606-395B489D600E}.Debug|Any CPU.ActiveCfg = Debug|Any CPU
		{DBD0C823-C10D-4ED7-8606-395B489D600E}.Debug|Any CPU.Build.0 = Debug|Any CPU
		{DBD0C823-C10D-4ED7-8606-395B489D600E}.Release|Any CPU.ActiveCfg = Release|Any CPU
		{DBD0C823-C10D-4ED7-8606-395B489D600E}.Release|Any CPU.Build.0 = Release|Any CPU
		{BCD4E58C-11F5-45AE-B39B-E9C6DFE4F82D}.Debug|Any CPU.ActiveCfg = Debug|Any CPU
		{BCD4E58C-11F5-45AE-B39B-E9C6DFE4F82D}.Debug|Any CPU.Build.0 = Debug|Any CPU
		{BCD4E58C-11F5-45AE-B39B-E9C6DFE4F82D}.Release|Any CPU.ActiveCfg = Release|Any CPU
		{BCD4E58C-11F5-45AE-B39B-E9C6DFE4F82D}.Release|Any CPU.Build.0 = Release|Any CPU
		{60E7F5DF-463E-4AC4-B3F3-DD7C502FB6EF}.Debug|Any CPU.ActiveCfg = Debug|Any CPU
		{60E7F5DF-463E-4AC4-B3F3-DD7C502FB6EF}.Debug|Any CPU.Build.0 = Debug|Any CPU
		{60E7F5DF-463E-4AC4-B3F3-DD7C502FB6EF}.Release|Any CPU.ActiveCfg = Release|Any CPU
		{60E7F5DF-463E-4AC4-B3F3-DD7C502FB6EF}.Release|Any CPU.Build.0 = Release|Any CPU
		{439F2B35-D29E-4770-9543-8F3FF1DF3281}.Debug|Any CPU.ActiveCfg = Debug|Any CPU
		{439F2B35-D29E-4770-9543-8F3FF1DF3281}.Debug|Any CPU.Build.0 = Debug|Any CPU
		{439F2B35-D29E-4770-9543-8F3FF1DF3281}.Release|Any CPU.ActiveCfg = Release|Any CPU
		{439F2B35-D29E-4770-9543-8F3FF1DF3281}.Release|Any CPU.Build.0 = Release|Any CPU
		{D8D30F22-CE87-429C-8E39-A5125D604878}.Debug|Any CPU.ActiveCfg = Debug|Any CPU
		{D8D30F22-CE87-429C-8E39-A5125D604878}.Debug|Any CPU.Build.0 = Debug|Any CPU
		{D8D30F22-CE87-429C-8E39-A5125D604878}.Release|Any CPU.ActiveCfg = Release|Any CPU
		{D8D30F22-CE87-429C-8E39-A5125D604878}.Release|Any CPU.Build.0 = Release|Any CPU
		{608F3FA8-1B54-4405-AF59-6B1025E4098B}.Debug|Any CPU.ActiveCfg = Debug|Any CPU
		{608F3FA8-1B54-4405-AF59-6B1025E4098B}.Debug|Any CPU.Build.0 = Debug|Any CPU
		{608F3FA8-1B54-4405-AF59-6B1025E4098B}.Release|Any CPU.ActiveCfg = Release|Any CPU
		{608F3FA8-1B54-4405-AF59-6B1025E4098B}.Release|Any CPU.Build.0 = Release|Any CPU
		{E04FEA2D-7FC3-41AF-A5CE-C522B4FC5284}.Debug|Any CPU.ActiveCfg = Debug|Any CPU
		{E04FEA2D-7FC3-41AF-A5CE-C522B4FC5284}.Debug|Any CPU.Build.0 = Debug|Any CPU
		{E04FEA2D-7FC3-41AF-A5CE-C522B4FC5284}.Release|Any CPU.ActiveCfg = Release|Any CPU
		{E04FEA2D-7FC3-41AF-A5CE-C522B4FC5284}.Release|Any CPU.Build.0 = Release|Any CPU
		{84D05FB7-7E9C-4174-B152-166847AE68D9}.Debug|Any CPU.ActiveCfg = Debug|Any CPU
		{84D05FB7-7E9C-4174-B152-166847AE68D9}.Debug|Any CPU.Build.0 = Debug|Any CPU
		{84D05FB7-7E9C-4174-B152-166847AE68D9}.Release|Any CPU.ActiveCfg = Release|Any CPU
		{84D05FB7-7E9C-4174-B152-166847AE68D9}.Release|Any CPU.Build.0 = Release|Any CPU
		{D9DF004D-09F7-419A-9708-F2B270135B9C}.Debug|Any CPU.ActiveCfg = Debug|Any CPU
		{D9DF004D-09F7-419A-9708-F2B270135B9C}.Debug|Any CPU.Build.0 = Debug|Any CPU
		{D9DF004D-09F7-419A-9708-F2B270135B9C}.Release|Any CPU.ActiveCfg = Release|Any CPU
		{D9DF004D-09F7-419A-9708-F2B270135B9C}.Release|Any CPU.Build.0 = Release|Any CPU
		{BB9F1B92-A200-4198-9323-2DD0B6E6BECD}.Debug|Any CPU.ActiveCfg = Debug|Any CPU
		{BB9F1B92-A200-4198-9323-2DD0B6E6BECD}.Debug|Any CPU.Build.0 = Debug|Any CPU
		{BB9F1B92-A200-4198-9323-2DD0B6E6BECD}.Release|Any CPU.ActiveCfg = Release|Any CPU
		{BB9F1B92-A200-4198-9323-2DD0B6E6BECD}.Release|Any CPU.Build.0 = Release|Any CPU
	EndGlobalSection
	GlobalSection(SolutionProperties) = preSolution
		HideSolutionNode = FALSE
	EndGlobalSection
	GlobalSection(ExtensibilityGlobals) = postSolution
		SolutionGuid = {899616ED-7471-48F9-B7F7-2AFA77675B3A}
	EndGlobalSection
EndGlobal
